
Microsoft Visual Studio Solution File, Format Version 11.00
# Visual Studio 2010
Project("{FAE04EC0-301F-11D3-BF4B-00C04F79EFBC}") = "Assembly-CSharp", "Assembly-CSharp.csproj", "{4E02ECA1-1036-1A58-8066-38F38803CFAA}"
EndProject
Project("{FAE04EC0-301F-11D3-BF4B-00C04F79EFBC}") = "Assembly-CSharp-Editor", "Assembly-CSharp-Editor.csproj", "{745EED99-A08D-D1FA-B2C6-6CA7DC3EADB2}"
EndProject
Global
	GlobalSection(SolutionConfigurationPlatforms) = preSolution
		Debug|Any CPU = Debug|Any CPU
		Release|Any CPU = Release|Any CPU
	EndGlobalSection
	GlobalSection(ProjectConfigurationPlatforms) = postSolution
		{4E02ECA1-1036-1A58-8066-38F38803CFAA}.Debug|Any CPU.ActiveCfg = Debug|Any CPU
		{4E02ECA1-1036-1A58-8066-38F38803CFAA}.Debug|Any CPU.Build.0 = Debug|Any CPU
		{4E02ECA1-1036-1A58-8066-38F38803CFAA}.Release|Any CPU.ActiveCfg = Release|Any CPU
		{4E02ECA1-1036-1A58-8066-38F38803CFAA}.Release|Any CPU.Build.0 = Release|Any CPU
		{745EED99-A08D-D1FA-B2C6-6CA7DC3EADB2}.Debug|Any CPU.ActiveCfg = Debug|Any CPU
		{745EED99-A08D-D1FA-B2C6-6CA7DC3EADB2}.Debug|Any CPU.Build.0 = Debug|Any CPU
		{745EED99-A08D-D1FA-B2C6-6CA7DC3EADB2}.Release|Any CPU.ActiveCfg = Release|Any CPU
		{745EED99-A08D-D1FA-B2C6-6CA7DC3EADB2}.Release|Any CPU.Build.0 = Release|Any CPU
	EndGlobalSection
	GlobalSection(SolutionProperties) = preSolution
		HideSolutionNode = FALSE
	EndGlobalSection
	GlobalSection(MonoDevelopProperties) = preSolution
		StartupItem = Assembly-CSharp.csproj
	EndGlobalSection
EndGlobal
